
Microsoft Visual Studio Solution File, Format Version 12.00
# Visual Studio Version 16
VisualStudioVersion = 16.0.28803.202
MinimumVisualStudioVersion = 10.0.40219.1
Project("{9A19103F-16F7-4668-BE54-9A1E7A4F7556}") = "CoffeeFreedom.Api", "CoffeeFreedom.Api\CoffeeFreedom.Api.csproj", "{FB2CEE63-AD87-4B7D-8A50-37A8B7B9D972}"
EndProject
Project("{9A19103F-16F7-4668-BE54-9A1E7A4F7556}") = "CoffeeFreedom.Common", "CoffeeFreedom.Common\CoffeeFreedom.Common.csproj", "{300C9E5D-2DA6-4BD1-8E93-42EE2E2FFD17}"
EndProject
Project("{FAE04EC0-301F-11D3-BF4B-00C04F79EFBC}") = "CoffeeFreedom.Worker", "CoffeeFreedom.Worker\CoffeeFreedom.Worker.csproj", "{5A499F8C-0AEA-400A-BD80-ABD197FC55A9}"
EndProject
Global
	GlobalSection(SolutionConfigurationPlatforms) = preSolution
		Debug|Any CPU = Debug|Any CPU
		Release|Any CPU = Release|Any CPU
	EndGlobalSection
	GlobalSection(ProjectConfigurationPlatforms) = postSolution
		{FB2CEE63-AD87-4B7D-8A50-37A8B7B9D972}.Debug|Any CPU.ActiveCfg = Debug|Any CPU
		{FB2CEE63-AD87-4B7D-8A50-37A8B7B9D972}.Debug|Any CPU.Build.0 = Debug|Any CPU
		{FB2CEE63-AD87-4B7D-8A50-37A8B7B9D972}.Release|Any CPU.ActiveCfg = Release|Any CPU
		{FB2CEE63-AD87-4B7D-8A50-37A8B7B9D972}.Release|Any CPU.Build.0 = Release|Any CPU
		{300C9E5D-2DA6-4BD1-8E93-42EE2E2FFD17}.Debug|Any CPU.ActiveCfg = Debug|Any CPU
		{300C9E5D-2DA6-4BD1-8E93-42EE2E2FFD17}.Debug|Any CPU.Build.0 = Debug|Any CPU
		{300C9E5D-2DA6-4BD1-8E93-42EE2E2FFD17}.Release|Any CPU.ActiveCfg = Release|Any CPU
		{300C9E5D-2DA6-4BD1-8E93-42EE2E2FFD17}.Release|Any CPU.Build.0 = Release|Any CPU
		{5A499F8C-0AEA-400A-BD80-ABD197FC55A9}.Debug|Any CPU.ActiveCfg = Debug|Any CPU
		{5A499F8C-0AEA-400A-BD80-ABD197FC55A9}.Debug|Any CPU.Build.0 = Debug|Any CPU
		{5A499F8C-0AEA-400A-BD80-ABD197FC55A9}.Release|Any CPU.ActiveCfg = Release|Any CPU
		{5A499F8C-0AEA-400A-BD80-ABD197FC55A9}.Release|Any CPU.Build.0 = Release|Any CPU
	EndGlobalSection
	GlobalSection(SolutionProperties) = preSolution
		HideSolutionNode = FALSE
	EndGlobalSection
	GlobalSection(ExtensibilityGlobals) = postSolution
		SolutionGuid = {3442A7DA-82E2-48DB-A6CF-D6BDF354C1F9}
	EndGlobalSection
EndGlobal
